// !$*UTF8*$!
{
	archiveVersion = 1;
	classes = {
	};
	objectVersion = 46;
	objects = {

/* Begin PBXBuildFile section */
		655FD427149CF36C00580563 /* UIKit.framework in Frameworks */ = {isa = PBXBuildFile; fileRef = 655FD426149CF36C00580563 /* UIKit.framework */; };
		655FD429149CF36C00580563 /* Foundation.framework in Frameworks */ = {isa = PBXBuildFile; fileRef = 655FD428149CF36C00580563 /* Foundation.framework */; };
		655FD42B149CF36C00580563 /* CoreGraphics.framework in Frameworks */ = {isa = PBXBuildFile; fileRef = 655FD42A149CF36C00580563 /* CoreGraphics.framework */; };
		655FD431149CF36C00580563 /* InfoPlist.strings in Resources */ = {isa = PBXBuildFile; fileRef = 655FD42F149CF36C00580563 /* InfoPlist.strings */; };
		655FD433149CF36C00580563 /* main.m in Sources */ = {isa = PBXBuildFile; fileRef = 655FD432149CF36C00580563 /* main.m */; };
		655FD437149CF36C00580563 /* AppDelegate.m in Sources */ = {isa = PBXBuildFile; fileRef = 655FD436149CF36C00580563 /* AppDelegate.m */; };
		655FD43A149CF36C00580563 /* MainStoryboard_iPhone.storyboard in Resources */ = {isa = PBXBuildFile; fileRef = 655FD438149CF36C00580563 /* MainStoryboard_iPhone.storyboard */; };
		655FD43D149CF36C00580563 /* MainStoryboard_iPad.storyboard in Resources */ = {isa = PBXBuildFile; fileRef = 655FD43B149CF36C00580563 /* MainStoryboard_iPad.storyboard */; };
		655FD440149CF36C00580563 /* ViewController.m in Sources */ = {isa = PBXBuildFile; fileRef = 655FD43F149CF36C00580563 /* ViewController.m */; };
		655FD448149CF36C00580563 /* SenTestingKit.framework in Frameworks */ = {isa = PBXBuildFile; fileRef = 655FD447149CF36C00580563 /* SenTestingKit.framework */; };
		655FD449149CF36C00580563 /* UIKit.framework in Frameworks */ = {isa = PBXBuildFile; fileRef = 655FD426149CF36C00580563 /* UIKit.framework */; };
		655FD44A149CF36C00580563 /* Foundation.framework in Frameworks */ = {isa = PBXBuildFile; fileRef = 655FD428149CF36C00580563 /* Foundation.framework */; };
		655FD452149CF36C00580563 /* InfoPlist.strings in Resources */ = {isa = PBXBuildFile; fileRef = 655FD450149CF36C00580563 /* InfoPlist.strings */; };
		655FD455149CF36C00580563 /* srcpThrottleTests.m in Sources */ = {isa = PBXBuildFile; fileRef = 655FD454149CF36C00580563 /* srcpThrottleTests.m */; };
/* End PBXBuildFile section */

/* Begin PBXContainerItemProxy section */
		655FD44B149CF36C00580563 /* PBXContainerItemProxy */ = {
			isa = PBXContainerItemProxy;
			containerPortal = 655FD419149CF36C00580563 /* Project object */;
			proxyType = 1;
			remoteGlobalIDString = 655FD421149CF36C00580563;
			remoteInfo = srcpThrottle;
		};
/* End PBXContainerItemProxy section */

/* Begin PBXFileReference section */
		655FD422149CF36C00580563 /* srcpThrottle.app */ = {isa = PBXFileReference; explicitFileType = wrapper.application; includeInIndex = 0; path = srcpThrottle.app; sourceTree = BUILT_PRODUCTS_DIR; };
		655FD426149CF36C00580563 /* UIKit.framework */ = {isa = PBXFileReference; lastKnownFileType = wrapper.framework; name = UIKit.framework; path = System/Library/Frameworks/UIKit.framework; sourceTree = SDKROOT; };
		655FD428149CF36C00580563 /* Foundation.framework */ = {isa = PBXFileReference; lastKnownFileType = wrapper.framework; name = Foundation.framework; path = System/Library/Frameworks/Foundation.framework; sourceTree = SDKROOT; };
		655FD42A149CF36C00580563 /* CoreGraphics.framework */ = {isa = PBXFileReference; lastKnownFileType = wrapper.framework; name = CoreGraphics.framework; path = System/Library/Frameworks/CoreGraphics.framework; sourceTree = SDKROOT; };
		655FD42E149CF36C00580563 /* srcpThrottle-Info.plist */ = {isa = PBXFileReference; path = "srcpThrottle-Info.plist"; sourceTree = "<group>"; };
		655FD430149CF36C00580563 /* en */ = {isa = PBXFileReference; lastKnownFileType = text.plist.strings; name = en; path = en.lproj/InfoPlist.strings; sourceTree = "<group>"; };
		655FD432149CF36C00580563 /* main.m */ = {isa = PBXFileReference; lastKnownFileType = sourcecode.c.objc; path = main.m; sourceTree = "<group>"; };
		655FD434149CF36C00580563 /* srcpThrottle-Prefix.pch */ = {isa = PBXFileReference; path = "srcpThrottle-Prefix.pch"; sourceTree = "<group>"; };
		655FD435149CF36C00580563 /* AppDelegate.h */ = {isa = PBXFileReference; path = AppDelegate.h; sourceTree = "<group>"; };
		655FD436149CF36C00580563 /* AppDelegate.m */ = {isa = PBXFileReference; lastKnownFileType = sourcecode.c.objc; path = AppDelegate.m; sourceTree = "<group>"; };
		655FD439149CF36C00580563 /* en */ = {isa = PBXFileReference; lastKnownFileType = file.storyboard; name = en; path = en.lproj/MainStoryboard_iPhone.storyboard; sourceTree = "<group>"; };
		655FD43C149CF36C00580563 /* en */ = {isa = PBXFileReference; lastKnownFileType = file.storyboard; name = en; path = en.lproj/MainStoryboard_iPad.storyboard; sourceTree = "<group>"; };
		655FD43E149CF36C00580563 /* ViewController.h */ = {isa = PBXFileReference; path = ViewController.h; sourceTree = "<group>"; };
		655FD43F149CF36C00580563 /* ViewController.m */ = {isa = PBXFileReference; lastKnownFileType = sourcecode.c.objc; path = ViewController.m; sourceTree = "<group>"; };
		655FD446149CF36C00580563 /* srcpThrottleTests.octest */ = {isa = PBXFileReference; explicitFileType = wrapper.cfbundle; includeInIndex = 0; path = srcpThrottleTests.octest; sourceTree = BUILT_PRODUCTS_DIR; };
		655FD447149CF36C00580563 /* SenTestingKit.framework */ = {isa = PBXFileReference; lastKnownFileType = wrapper.framework; name = SenTestingKit.framework; path = Library/Frameworks/SenTestingKit.framework; sourceTree = DEVELOPER_DIR; };
		655FD44F149CF36C00580563 /* srcpThrottleTests-Info.plist */ = {isa = PBXFileReference; path = "srcpThrottleTests-Info.plist"; sourceTree = "<group>"; };
		655FD451149CF36C00580563 /* en */ = {isa = PBXFileReference; lastKnownFileType = text.plist.strings; name = en; path = en.lproj/InfoPlist.strings; sourceTree = "<group>"; };
		655FD453149CF36C00580563 /* srcpThrottleTests.h */ = {isa = PBXFileReference; path = srcpThrottleTests.h; sourceTree = "<group>"; };
		655FD454149CF36C00580563 /* srcpThrottleTests.m */ = {isa = PBXFileReference; lastKnownFileType = sourcecode.c.objc; path = srcpThrottleTests.m; sourceTree = "<group>"; };
/* End PBXFileReference section */

/* Begin PBXFrameworksBuildPhase section */
		655FD41F149CF36C00580563 /* Frameworks */ = {
			isa = PBXFrameworksBuildPhase;
			buildActionMask = 2147483647;
			files = (
				655FD427149CF36C00580563 /* UIKit.framework in Frameworks */,
				655FD429149CF36C00580563 /* Foundation.framework in Frameworks */,
				655FD42B149CF36C00580563 /* CoreGraphics.framework in Frameworks */,
			);
			runOnlyForDeploymentPostprocessing = 0;
		};
		655FD442149CF36C00580563 /* Frameworks */ = {
			isa = PBXFrameworksBuildPhase;
			buildActionMask = 2147483647;
			files = (
				655FD448149CF36C00580563 /* SenTestingKit.framework in Frameworks */,
				655FD449149CF36C00580563 /* UIKit.framework in Frameworks */,
				655FD44A149CF36C00580563 /* Foundation.framework in Frameworks */,
			);
			runOnlyForDeploymentPostprocessing = 0;
		};
/* End PBXFrameworksBuildPhase section */

/* Begin PBXGroup section */
		655FD417149CF36C00580563 = {
			isa = PBXGroup;
			children = (
				655FD42C149CF36C00580563 /* srcpThrottle */,
				655FD44D149CF36C00580563 /* srcpThrottleTests */,
				655FD425149CF36C00580563 /* Frameworks */,
				655FD423149CF36C00580563 /* Products */,
			);
			sourceTree = "<group>";
		};
		655FD423149CF36C00580563 /* Products */ = {
			isa = PBXGroup;
			children = (
				655FD422149CF36C00580563 /* srcpThrottle.app */,
				655FD446149CF36C00580563 /* srcpThrottleTests.octest */,
			);
			name = Products;
			sourceTree = "<group>";
		};
		655FD425149CF36C00580563 /* Frameworks */ = {
			isa = PBXGroup;
			children = (
				655FD426149CF36C00580563 /* UIKit.framework */,
				655FD428149CF36C00580563 /* Foundation.framework */,
				655FD42A149CF36C00580563 /* CoreGraphics.framework */,
				655FD447149CF36C00580563 /* SenTestingKit.framework */,
			);
			name = Frameworks;
			sourceTree = "<group>";
		};
		655FD42C149CF36C00580563 /* srcpThrottle */ = {
			isa = PBXGroup;
			children = (
				655FD435149CF36C00580563 /* AppDelegate.h */,
				655FD436149CF36C00580563 /* AppDelegate.m */,
				655FD438149CF36C00580563 /* MainStoryboard_iPhone.storyboard */,
				655FD43B149CF36C00580563 /* MainStoryboard_iPad.storyboard */,
				655FD43E149CF36C00580563 /* ViewController.h */,
				655FD43F149CF36C00580563 /* ViewController.m */,
				655FD42D149CF36C00580563 /* Supporting Files */,
			);
			path = srcpThrottle;
			sourceTree = "<group>";
		};
		655FD42D149CF36C00580563 /* Supporting Files */ = {
			isa = PBXGroup;
			children = (
				655FD42E149CF36C00580563 /* srcpThrottle-Info.plist */,
				655FD42F149CF36C00580563 /* InfoPlist.strings */,
				655FD432149CF36C00580563 /* main.m */,
				655FD434149CF36C00580563 /* srcpThrottle-Prefix.pch */,
			);
			name = "Supporting Files";
			sourceTree = "<group>";
		};
		655FD44D149CF36C00580563 /* srcpThrottleTests */ = {
			isa = PBXGroup;
			children = (
				655FD453149CF36C00580563 /* srcpThrottleTests.h */,
				655FD454149CF36C00580563 /* srcpThrottleTests.m */,
				655FD44E149CF36C00580563 /* Supporting Files */,
			);
			path = srcpThrottleTests;
			sourceTree = "<group>";
		};
		655FD44E149CF36C00580563 /* Supporting Files */ = {
			isa = PBXGroup;
			children = (
				655FD44F149CF36C00580563 /* srcpThrottleTests-Info.plist */,
				655FD450149CF36C00580563 /* InfoPlist.strings */,
			);
			name = "Supporting Files";
			sourceTree = "<group>";
		};
/* End PBXGroup section */

/* Begin PBXNativeTarget section */
		655FD421149CF36C00580563 /* srcpThrottle */ = {
			isa = PBXNativeTarget;
			buildConfigurationList = 655FD458149CF36C00580563 /* Build configuration list for PBXNativeTarget "srcpThrottle" */;
			buildPhases = (
				655FD41E149CF36C00580563 /* Sources */,
				655FD41F149CF36C00580563 /* Frameworks */,
				655FD420149CF36C00580563 /* Resources */,
			);
			buildRules = (
			);
			dependencies = (
			);
			name = srcpThrottle;
			productName = srcpThrottle;
			productReference = 655FD422149CF36C00580563 /* srcpThrottle.app */;
			productType = "com.apple.product-type.application";
		};
		655FD445149CF36C00580563 /* srcpThrottleTests */ = {
			isa = PBXNativeTarget;
			buildConfigurationList = 655FD45B149CF36C00580563 /* Build configuration list for PBXNativeTarget "srcpThrottleTests" */;
			buildPhases = (
				655FD441149CF36C00580563 /* Sources */,
				655FD442149CF36C00580563 /* Frameworks */,
				655FD443149CF36C00580563 /* Resources */,
				655FD444149CF36C00580563 /* ShellScript */,
			);
			buildRules = (
			);
			dependencies = (
				655FD44C149CF36C00580563 /* PBXTargetDependency */,
			);
			name = srcpThrottleTests;
			productName = srcpThrottleTests;
			productReference = 655FD446149CF36C00580563 /* srcpThrottleTests.octest */;
			productType = "com.apple.product-type.bundle";
		};
/* End PBXNativeTarget section */

/* Begin PBXProject section */
		655FD419149CF36C00580563 /* Project object */ = {
			isa = PBXProject;
			attributes = {
				LastUpgradeCheck = 0420;
			};
			buildConfigurationList = 655FD41C149CF36C00580563 /* Build configuration list for PBXProject "srcpThrottle" */;
			compatibilityVersion = "Xcode 3.2";
			developmentRegion = English;
			hasScannedForEncodings = 0;
			knownRegions = (
				en,
			);
			mainGroup = 655FD417149CF36C00580563;
			productRefGroup = 655FD423149CF36C00580563 /* Products */;
			projectDirPath = "";
			projectRoot = "";
			targets = (
				655FD421149CF36C00580563 /* srcpThrottle */,
				655FD445149CF36C00580563 /* srcpThrottleTests */,
			);
		};
/* End PBXProject section */

/* Begin PBXResourcesBuildPhase section */
		655FD420149CF36C00580563 /* Resources */ = {
			isa = PBXResourcesBuildPhase;
			buildActionMask = 2147483647;
			files = (
				655FD431149CF36C00580563 /* InfoPlist.strings in Resources */,
				655FD43A149CF36C00580563 /* MainStoryboard_iPhone.storyboard in Resources */,
				655FD43D149CF36C00580563 /* MainStoryboard_iPad.storyboard in Resources */,
			);
			runOnlyForDeploymentPostprocessing = 0;
		};
		655FD443149CF36C00580563 /* Resources */ = {
			isa = PBXResourcesBuildPhase;
			buildActionMask = 2147483647;
			files = (
				655FD452149CF36C00580563 /* InfoPlist.strings in Resources */,
			);
			runOnlyForDeploymentPostprocessing = 0;
		};
/* End PBXResourcesBuildPhase section */

/* Begin PBXShellScriptBuildPhase section */
		655FD444149CF36C00580563 /* ShellScript */ = {
			isa = PBXShellScriptBuildPhase;
			buildActionMask = 2147483647;
			files = (
			);
			inputPaths = (
			);
			outputPaths = (
			);
			runOnlyForDeploymentPostprocessing = 0;
			shellPath = /bin/sh;
			shellScript = "# Run the unit tests in this test bundle.\n\"${SYSTEM_DEVELOPER_DIR}/Tools/RunUnitTests\"\n";
		};
/* End PBXShellScriptBuildPhase section */

/* Begin PBXSourcesBuildPhase section */
		655FD41E149CF36C00580563 /* Sources */ = {
			isa = PBXSourcesBuildPhase;
			buildActionMask = 2147483647;
			files = (
				655FD433149CF36C00580563 /* main.m in Sources */,
				655FD437149CF36C00580563 /* AppDelegate.m in Sources */,
				655FD440149CF36C00580563 /* ViewController.m in Sources */,
			);
			runOnlyForDeploymentPostprocessing = 0;
		};
		655FD441149CF36C00580563 /* Sources */ = {
			isa = PBXSourcesBuildPhase;
			buildActionMask = 2147483647;
			files = (
				655FD455149CF36C00580563 /* srcpThrottleTests.m in Sources */,
			);
			runOnlyForDeploymentPostprocessing = 0;
		};
/* End PBXSourcesBuildPhase section */

/* Begin PBXTargetDependency section */
		655FD44C149CF36C00580563 /* PBXTargetDependency */ = {
			isa = PBXTargetDependency;
			target = 655FD421149CF36C00580563 /* srcpThrottle */;
			targetProxy = 655FD44B149CF36C00580563 /* PBXContainerItemProxy */;
		};
/* End PBXTargetDependency section */

/* Begin PBXVariantGroup section */
		655FD42F149CF36C00580563 /* InfoPlist.strings */ = {
			isa = PBXVariantGroup;
			children = (
				655FD430149CF36C00580563 /* en */,
			);
			name = InfoPlist.strings;
			sourceTree = "<group>";
		};
		655FD438149CF36C00580563 /* MainStoryboard_iPhone.storyboard */ = {
			isa = PBXVariantGroup;
			children = (
				655FD439149CF36C00580563 /* en */,
			);
			name = MainStoryboard_iPhone.storyboard;
			sourceTree = "<group>";
		};
		655FD43B149CF36C00580563 /* MainStoryboard_iPad.storyboard */ = {
			isa = PBXVariantGroup;
			children = (
				655FD43C149CF36C00580563 /* en */,
			);
			name = MainStoryboard_iPad.storyboard;
			sourceTree = "<group>";
		};
		655FD450149CF36C00580563 /* InfoPlist.strings */ = {
			isa = PBXVariantGroup;
			children = (
				655FD451149CF36C00580563 /* en */,
			);
			name = InfoPlist.strings;
			sourceTree = "<group>";
		};
/* End PBXVariantGroup section */

/* Begin XCBuildConfiguration section */
		655FD456149CF36C00580563 /* Debug */ = {
			isa = XCBuildConfiguration;
			buildSettings = {
				ALWAYS_SEARCH_USER_PATHS = NO;
				ARCHS = "$(ARCHS_STANDARD_32_BIT)";
				CLANG_ENABLE_OBJC_ARC = YES;
				"CODE_SIGN_IDENTITY[sdk=iphoneos*]" = "iPhone Developer";
				COPY_PHASE_STRIP = NO;
				GCC_C_LANGUAGE_STANDARD = gnu99;
				GCC_DYNAMIC_NO_PIC = NO;
				GCC_OPTIMIZATION_LEVEL = 0;
				GCC_PREPROCESSOR_DEFINITIONS = (
					"DEBUG=1",
					"$(inherited)",
				);
				GCC_SYMBOLS_PRIVATE_EXTERN = NO;
				GCC_VERSION = com.apple.compilers.llvm.clang.1_0;
				GCC_WARN_ABOUT_MISSING_PROTOTYPES = YES;
				GCC_WARN_ABOUT_RETURN_TYPE = YES;
				GCC_WARN_UNUSED_VARIABLE = YES;
				IPHONEOS_DEPLOYMENT_TARGET = 5.0;
				SDKROOT = iphoneos;
				TARGETED_DEVICE_FAMILY = "1,2";
			};
			name = Debug;
		};
		655FD457149CF36C00580563 /* Release */ = {
			isa = XCBuildConfiguration;
			buildSettings = {
				ALWAYS_SEARCH_USER_PATHS = NO;
				ARCHS = "$(ARCHS_STANDARD_32_BIT)";
				CLANG_ENABLE_OBJC_ARC = YES;
				"CODE_SIGN_IDENTITY[sdk=iphoneos*]" = "iPhone Developer";
				COPY_PHASE_STRIP = YES;
				GCC_C_LANGUAGE_STANDARD = gnu99;
				GCC_VERSION = com.apple.compilers.llvm.clang.1_0;
				GCC_WARN_ABOUT_MISSING_PROTOTYPES = YES;
				GCC_WARN_ABOUT_RETURN_TYPE = YES;
				GCC_WARN_UNUSED_VARIABLE = YES;
				IPHONEOS_DEPLOYMENT_TARGET = 5.0;
				OTHER_CFLAGS = "-DNS_BLOCK_ASSERTIONS=1";
				SDKROOT = iphoneos;
				TARGETED_DEVICE_FAMILY = "1,2";
				VALIDATE_PRODUCT = YES;
			};
			name = Release;
		};
		655FD459149CF36C00580563 /* Debug */ = {
			isa = XCBuildConfiguration;
			buildSettings = {
				GCC_PRECOMPILE_PREFIX_HEADER = YES;
				GCC_PREFIX_HEADER = "srcpThrottle/srcpThrottle-Prefix.pch";
				INFOPLIST_FILE = "srcpThrottle/srcpThrottle-Info.plist";
				PRODUCT_NAME = "$(TARGET_NAME)";
				WRAPPER_EXTENSION = app;
			};
			name = Debug;
		};
		655FD45A149CF36C00580563 /* Release */ = {
			isa = XCBuildConfiguration;
			buildSettings = {
				GCC_PRECOMPILE_PREFIX_HEADER = YES;
				GCC_PREFIX_HEADER = "srcpThrottle/srcpThrottle-Prefix.pch";
				INFOPLIST_FILE = "srcpThrottle/srcpThrottle-Info.plist";
				PRODUCT_NAME = "$(TARGET_NAME)";
				WRAPPER_EXTENSION = app;
			};
			name = Release;
		};
		655FD45C149CF36C00580563 /* Debug */ = {
			isa = XCBuildConfiguration;
			buildSettings = {
				BUNDLE_LOADER = "$(BUILT_PRODUCTS_DIR)/srcpThrottle.app/srcpThrottle";
				FRAMEWORK_SEARCH_PATHS = (
					"$(SDKROOT)/Developer/Library/Frameworks",
					"$(DEVELOPER_LIBRARY_DIR)/Frameworks",
				);
				GCC_PRECOMPILE_PREFIX_HEADER = YES;
				GCC_PREFIX_HEADER = "srcpThrottle/srcpThrottle-Prefix.pch";
				INFOPLIST_FILE = "srcpThrottleTests/srcpThrottleTests-Info.plist";
				PRODUCT_NAME = "$(TARGET_NAME)";
				TEST_HOST = "$(BUNDLE_LOADER)";
				WRAPPER_EXTENSION = octest;
			};
			name = Debug;
		};
		655FD45D149CF36C00580563 /* Release */ = {
			isa = XCBuildConfiguration;
			buildSettings = {
				BUNDLE_LOADER = "$(BUILT_PRODUCTS_DIR)/srcpThrottle.app/srcpThrottle";
				FRAMEWORK_SEARCH_PATHS = (
					"$(SDKROOT)/Developer/Library/Frameworks",
					"$(DEVELOPER_LIBRARY_DIR)/Frameworks",
				);
				GCC_PRECOMPILE_PREFIX_HEADER = YES;
				GCC_PREFIX_HEADER = "srcpThrottle/srcpThrottle-Prefix.pch";
				INFOPLIST_FILE = "srcpThrottleTests/srcpThrottleTests-Info.plist";
				PRODUCT_NAME = "$(TARGET_NAME)";
				TEST_HOST = "$(BUNDLE_LOADER)";
				WRAPPER_EXTENSION = octest;
			};
			name = Release;
		};
/* End XCBuildConfiguration section */

/* Begin XCConfigurationList section */
		655FD41C149CF36C00580563 /* Build configuration list for PBXProject "srcpThrottle" */ = {
			isa = XCConfigurationList;
			buildConfigurations = (
				655FD456149CF36C00580563 /* Debug */,
				655FD457149CF36C00580563 /* Release */,
			);
			defaultConfigurationIsVisible = 0;
			defaultConfigurationName = Release;
		};
		655FD458149CF36C00580563 /* Build configuration list for PBXNativeTarget "srcpThrottle" */ = {
			isa = XCConfigurationList;
			buildConfigurations = (
				655FD459149CF36C00580563 /* Debug */,
				655FD45A149CF36C00580563 /* Release */,
			);
			defaultConfigurationIsVisible = 0;
		};
		655FD45B149CF36C00580563 /* Build configuration list for PBXNativeTarget "srcpThrottleTests" */ = {
			isa = XCConfigurationList;
			buildConfigurations = (
				655FD45C149CF36C00580563 /* Debug */,
				655FD45D149CF36C00580563 /* Release */,
			);
			defaultConfigurationIsVisible = 0;
		};
/* End XCConfigurationList section */
	};
	rootObject = 655FD419149CF36C00580563 /* Project object */;
}
